
Microsoft Visual Studio Solution File, Format Version 12.00
# Visual Studio Version 16
VisualStudioVersion = 16.0.31829.152
MinimumVisualStudioVersion = 10.0.40219.1
Project("{FAE04EC0-301F-11D3-BF4B-00C04F79EFBC}") = "SSIM_Image_Compare", "SSIM_Image_Compare.csproj", "{9E2BFED8-9051-4F53-A7A9-0FEE39687947}"
EndProject
Global
	GlobalSection(SolutionConfigurationPlatforms) = preSolution
		Debug|Any CPU = Debug|Any CPU
		Release|Any CPU = Release|Any CPU
	EndGlobalSection
	GlobalSection(ProjectConfigurationPlatforms) = postSolution
		{9E2BFED8-9051-4F53-A7A9-0FEE39687947}.Debug|Any CPU.ActiveCfg = Debug|Any CPU
		{9E2BFED8-9051-4F53-A7A9-0FEE39687947}.Debug|Any CPU.Build.0 = Debug|Any CPU
		{9E2BFED8-9051-4F53-A7A9-0FEE39687947}.Release|Any CPU.ActiveCfg = Release|Any CPU
		{9E2BFED8-9051-4F53-A7A9-0FEE39687947}.Release|Any CPU.Build.0 = Release|Any CPU
	EndGlobalSection
	GlobalSection(SolutionProperties) = preSolution
		HideSolutionNode = FALSE
	EndGlobalSection
	GlobalSection(ExtensibilityGlobals) = postSolution
		SolutionGuid = {6424676C-0C42-4DBD-A3D2-2BCAEE55C6DC}
	EndGlobalSection
EndGlobal
